
Microsoft Visual Studio Solution File, Format Version 12.00
# Visual Studio Version 16
VisualStudioVersion = 25.0.1706.4
MinimumVisualStudioVersion = 10.0.40219.1
Project("{FAE04EC0-301F-11D3-BF4B-00C04F79EFBC}") = "LocalSave", "LocalSave\LocalSave.csproj", "{BA24EEC1-7284-42A7-A67E-5297DF9F8612}"
EndProject
Global
	GlobalSection(SolutionConfigurationPlatforms) = preSolution
		Debug|Any CPU = Debug|Any CPU
		Release|Any CPU = Release|Any CPU
	EndGlobalSection
	GlobalSection(ProjectConfigurationPlatforms) = postSolution
		{BA24EEC1-7284-42A7-A67E-5297DF9F8612}.Debug|Any CPU.ActiveCfg = Debug|Any CPU
		{BA24EEC1-7284-42A7-A67E-5297DF9F8612}.Debug|Any CPU.Build.0 = Debug|Any CPU
		{BA24EEC1-7284-42A7-A67E-5297DF9F8612}.Release|Any CPU.ActiveCfg = Release|Any CPU
		{BA24EEC1-7284-42A7-A67E-5297DF9F8612}.Release|Any CPU.Build.0 = Release|Any CPU
	EndGlobalSection
	GlobalSection(SolutionProperties) = preSolution
		HideSolutionNode = FALSE
	EndGlobalSection
	GlobalSection(ExtensibilityGlobals) = postSolution
		SolutionGuid = {B7548E3B-9B81-4EA8-AB97-71BB953CDC66}
	EndGlobalSection
EndGlobal
