
Microsoft Visual Studio Solution File, Format Version 12.00
# Visual Studio Version 17
VisualStudioVersion = 17.6.33815.320
MinimumVisualStudioVersion = 10.0.40219.1
Project("{9A19103F-16F7-4668-BE54-9A1E7A4F7556}") = "Ecommerce.Api", "Ecommerce.Api\Ecommerce.Api.csproj", "{5753BF52-08AE-41B4-ADE3-A3B8C28AF70F}"
EndProject
Project("{FAE04EC0-301F-11D3-BF4B-00C04F79EFBC}") = "Shared.Sdk", "Shared.Sdk\Shared.Sdk.csproj", "{BCDC2070-0CFC-4972-BA08-67AF9D75650B}"
EndProject
Global
	GlobalSection(SolutionConfigurationPlatforms) = preSolution
		Debug|Any CPU = Debug|Any CPU
		Release|Any CPU = Release|Any CPU
	EndGlobalSection
	GlobalSection(ProjectConfigurationPlatforms) = postSolution
		{5753BF52-08AE-41B4-ADE3-A3B8C28AF70F}.Debug|Any CPU.ActiveCfg = Debug|Any CPU
		{5753BF52-08AE-41B4-ADE3-A3B8C28AF70F}.Debug|Any CPU.Build.0 = Debug|Any CPU
		{5753BF52-08AE-41B4-ADE3-A3B8C28AF70F}.Release|Any CPU.ActiveCfg = Release|Any CPU
		{5753BF52-08AE-41B4-ADE3-A3B8C28AF70F}.Release|Any CPU.Build.0 = Release|Any CPU
		{BCDC2070-0CFC-4972-BA08-67AF9D75650B}.Debug|Any CPU.ActiveCfg = Debug|Any CPU
		{BCDC2070-0CFC-4972-BA08-67AF9D75650B}.Debug|Any CPU.Build.0 = Debug|Any CPU
		{BCDC2070-0CFC-4972-BA08-67AF9D75650B}.Release|Any CPU.ActiveCfg = Release|Any CPU
		{BCDC2070-0CFC-4972-BA08-67AF9D75650B}.Release|Any CPU.Build.0 = Release|Any CPU
	EndGlobalSection
	GlobalSection(SolutionProperties) = preSolution
		HideSolutionNode = FALSE
	EndGlobalSection
	GlobalSection(ExtensibilityGlobals) = postSolution
		SolutionGuid = {A8AE1C14-CF18-42A2-A6A6-20CAC9915E1B}
	EndGlobalSection
EndGlobal
