
Microsoft Visual Studio Solution File, Format Version 12.00
# Visual Studio Version 16
VisualStudioVersion = 25.0.1706.4
MinimumVisualStudioVersion = 10.0.40219.1
Project("{FAE04EC0-301F-11D3-BF4B-00C04F79EFBC}") = "TimeTable", "TimeTable\TimeTable.csproj", "{89E5B7B5-E94A-4645-AC0B-C494BE7BF3FF}"
EndProject
Global
	GlobalSection(SolutionConfigurationPlatforms) = preSolution
		Debug|Any CPU = Debug|Any CPU
		Release|Any CPU = Release|Any CPU
	EndGlobalSection
	GlobalSection(ProjectConfigurationPlatforms) = postSolution
		{89E5B7B5-E94A-4645-AC0B-C494BE7BF3FF}.Debug|Any CPU.ActiveCfg = Debug|Any CPU
		{89E5B7B5-E94A-4645-AC0B-C494BE7BF3FF}.Debug|Any CPU.Build.0 = Debug|Any CPU
		{89E5B7B5-E94A-4645-AC0B-C494BE7BF3FF}.Release|Any CPU.ActiveCfg = Release|Any CPU
		{89E5B7B5-E94A-4645-AC0B-C494BE7BF3FF}.Release|Any CPU.Build.0 = Release|Any CPU
	EndGlobalSection
	GlobalSection(SolutionProperties) = preSolution
		HideSolutionNode = FALSE
	EndGlobalSection
	GlobalSection(ExtensibilityGlobals) = postSolution
		SolutionGuid = {06E86C7B-C6BD-429C-AA9A-07CD1C064BBD}
	EndGlobalSection
EndGlobal
